
Microsoft Visual Studio Solution File, Format Version 12.00
# Visual Studio Version 17
VisualStudioVersion = 17.9.34728.123
MinimumVisualStudioVersion = 10.0.40219.1
Project("{FAE04EC0-301F-11D3-BF4B-00C04F79EFBC}") = "Capa_Presentacion", "Capa_Presentacion.csproj", "{9A896D21-FEAB-4E72-A215-FB53049E720D}"
EndProject
Project("{FAE04EC0-301F-11D3-BF4B-00C04F79EFBC}") = "Capa_Datos", "Capa_Datos\Capa_Datos.csproj", "{51325BDF-3C44-4209-9F66-9C2757C2F07A}"
EndProject
Project("{FAE04EC0-301F-11D3-BF4B-00C04F79EFBC}") = "Capa_Negocios", "Capa_Negocios\Capa_Negocios.csproj", "{8DAEA38C-1859-4FAE-AB28-94AC82046797}"
EndProject
Global
	GlobalSection(SolutionConfigurationPlatforms) = preSolution
		Debug|Any CPU = Debug|Any CPU
		Release|Any CPU = Release|Any CPU
	EndGlobalSection
	GlobalSection(ProjectConfigurationPlatforms) = postSolution
		{9A896D21-FEAB-4E72-A215-FB53049E720D}.Debug|Any CPU.ActiveCfg = Debug|Any CPU
		{9A896D21-FEAB-4E72-A215-FB53049E720D}.Debug|Any CPU.Build.0 = Debug|Any CPU
		{9A896D21-FEAB-4E72-A215-FB53049E720D}.Release|Any CPU.ActiveCfg = Release|Any CPU
		{9A896D21-FEAB-4E72-A215-FB53049E720D}.Release|Any CPU.Build.0 = Release|Any CPU
		{51325BDF-3C44-4209-9F66-9C2757C2F07A}.Debug|Any CPU.ActiveCfg = Debug|Any CPU
		{51325BDF-3C44-4209-9F66-9C2757C2F07A}.Debug|Any CPU.Build.0 = Debug|Any CPU
		{51325BDF-3C44-4209-9F66-9C2757C2F07A}.Release|Any CPU.ActiveCfg = Release|Any CPU
		{51325BDF-3C44-4209-9F66-9C2757C2F07A}.Release|Any CPU.Build.0 = Release|Any CPU
		{8DAEA38C-1859-4FAE-AB28-94AC82046797}.Debug|Any CPU.ActiveCfg = Debug|Any CPU
		{8DAEA38C-1859-4FAE-AB28-94AC82046797}.Debug|Any CPU.Build.0 = Debug|Any CPU
		{8DAEA38C-1859-4FAE-AB28-94AC82046797}.Release|Any CPU.ActiveCfg = Release|Any CPU
		{8DAEA38C-1859-4FAE-AB28-94AC82046797}.Release|Any CPU.Build.0 = Release|Any CPU
	EndGlobalSection
	GlobalSection(SolutionProperties) = preSolution
		HideSolutionNode = FALSE
	EndGlobalSection
	GlobalSection(ExtensibilityGlobals) = postSolution
		SolutionGuid = {E7E36A4C-1056-4AEA-8BE8-2A1C78F5DDEA}
	EndGlobalSection
EndGlobal
